
Microsoft Visual Studio Solution File, Format Version 12.00
Project("{FAE04EC0-301F-11D3-BF4B-00C04F79EFBC}") = "Base.Domain", "Base.Domain\Base.Domain.csproj", "{9560189B-A2C3-47EE-9AC4-F574EA183E82}"
EndProject
Project("{2150E333-8FDC-42A3-9474-1A3956D46DE8}") = "Files", "Files", "{56D5EA02-1AA2-4518-AB02-8256D938F05B}"
	ProjectSection(SolutionItems) = preProject
		.dockerignore = .dockerignore
		.gitignore = .gitignore
		Dockerfile = Dockerfile
		README.md = README.md
	EndProjectSection
EndProject
Project("{FAE04EC0-301F-11D3-BF4B-00C04F79EFBC}") = "Shop.Infrastructure", "Shop.Infrastructure\Shop.Infrastructure.csproj", "{D64C1FFE-B690-44FF-8C47-7EA7F8321BA8}"
EndProject
Project("{FAE04EC0-301F-11D3-BF4B-00C04F79EFBC}") = "Shop.Application", "Shop.Application\Shop.Application.csproj", "{120F4EFE-9A71-4626-9672-7CE2796411A2}"
EndProject
Project("{FAE04EC0-301F-11D3-BF4B-00C04F79EFBC}") = "Shop.Domain", "Shop.Domain\Shop.Domain.csproj", "{FB82A71F-3557-48FE-88EE-FB3604B42AB2}"
EndProject
Project("{FAE04EC0-301F-11D3-BF4B-00C04F79EFBC}") = "Shop.Presentation", "Shop.Presentation\Shop.Presentation.csproj", "{9C04849E-C34D-44AA-99E9-1AED225C60C0}"
EndProject
Project("{FAE04EC0-301F-11D3-BF4B-00C04F79EFBC}") = "Base.Application", "Base.Application\Base.Application.csproj", "{C6AB6D8D-E027-486E-A5C7-0906595E6EC8}"
EndProject
Project("{FAE04EC0-301F-11D3-BF4B-00C04F79EFBC}") = "Base.Infrastructure", "Base.Infrastructure\Base.Infrastructure.csproj", "{1540238F-4E33-489E-B4F3-979735F38938}"
EndProject
Global
	GlobalSection(SolutionConfigurationPlatforms) = preSolution
		Debug|Any CPU = Debug|Any CPU
		Release|Any CPU = Release|Any CPU
	EndGlobalSection
	GlobalSection(ProjectConfigurationPlatforms) = postSolution
		{9560189B-A2C3-47EE-9AC4-F574EA183E82}.Debug|Any CPU.ActiveCfg = Debug|Any CPU
		{9560189B-A2C3-47EE-9AC4-F574EA183E82}.Debug|Any CPU.Build.0 = Debug|Any CPU
		{9560189B-A2C3-47EE-9AC4-F574EA183E82}.Release|Any CPU.ActiveCfg = Release|Any CPU
		{9560189B-A2C3-47EE-9AC4-F574EA183E82}.Release|Any CPU.Build.0 = Release|Any CPU
		{D64C1FFE-B690-44FF-8C47-7EA7F8321BA8}.Debug|Any CPU.ActiveCfg = Debug|Any CPU
		{D64C1FFE-B690-44FF-8C47-7EA7F8321BA8}.Debug|Any CPU.Build.0 = Debug|Any CPU
		{D64C1FFE-B690-44FF-8C47-7EA7F8321BA8}.Release|Any CPU.ActiveCfg = Release|Any CPU
		{D64C1FFE-B690-44FF-8C47-7EA7F8321BA8}.Release|Any CPU.Build.0 = Release|Any CPU
		{120F4EFE-9A71-4626-9672-7CE2796411A2}.Debug|Any CPU.ActiveCfg = Debug|Any CPU
		{120F4EFE-9A71-4626-9672-7CE2796411A2}.Debug|Any CPU.Build.0 = Debug|Any CPU
		{120F4EFE-9A71-4626-9672-7CE2796411A2}.Release|Any CPU.ActiveCfg = Release|Any CPU
		{120F4EFE-9A71-4626-9672-7CE2796411A2}.Release|Any CPU.Build.0 = Release|Any CPU
		{FB82A71F-3557-48FE-88EE-FB3604B42AB2}.Debug|Any CPU.ActiveCfg = Debug|Any CPU
		{FB82A71F-3557-48FE-88EE-FB3604B42AB2}.Debug|Any CPU.Build.0 = Debug|Any CPU
		{FB82A71F-3557-48FE-88EE-FB3604B42AB2}.Release|Any CPU.ActiveCfg = Release|Any CPU
		{FB82A71F-3557-48FE-88EE-FB3604B42AB2}.Release|Any CPU.Build.0 = Release|Any CPU
		{9C04849E-C34D-44AA-99E9-1AED225C60C0}.Debug|Any CPU.ActiveCfg = Debug|Any CPU
		{9C04849E-C34D-44AA-99E9-1AED225C60C0}.Debug|Any CPU.Build.0 = Debug|Any CPU
		{9C04849E-C34D-44AA-99E9-1AED225C60C0}.Release|Any CPU.ActiveCfg = Release|Any CPU
		{9C04849E-C34D-44AA-99E9-1AED225C60C0}.Release|Any CPU.Build.0 = Release|Any CPU
		{C6AB6D8D-E027-486E-A5C7-0906595E6EC8}.Debug|Any CPU.ActiveCfg = Debug|Any CPU
		{C6AB6D8D-E027-486E-A5C7-0906595E6EC8}.Debug|Any CPU.Build.0 = Debug|Any CPU
		{C6AB6D8D-E027-486E-A5C7-0906595E6EC8}.Release|Any CPU.ActiveCfg = Release|Any CPU
		{C6AB6D8D-E027-486E-A5C7-0906595E6EC8}.Release|Any CPU.Build.0 = Release|Any CPU
		{1540238F-4E33-489E-B4F3-979735F38938}.Debug|Any CPU.ActiveCfg = Debug|Any CPU
		{1540238F-4E33-489E-B4F3-979735F38938}.Debug|Any CPU.Build.0 = Debug|Any CPU
		{1540238F-4E33-489E-B4F3-979735F38938}.Release|Any CPU.ActiveCfg = Release|Any CPU
		{1540238F-4E33-489E-B4F3-979735F38938}.Release|Any CPU.Build.0 = Release|Any CPU
	EndGlobalSection
EndGlobal
